
Microsoft Visual Studio Solution File, Format Version 12.00
# Visual Studio Version 16
VisualStudioVersion = 16.0.29519.181
MinimumVisualStudioVersion = 10.0.40219.1
Project("{9A19103F-16F7-4668-BE54-9A1E7A4F7556}") = "Lab_1", "Lab_1\Lab_1.csproj", "{9BD20DA9-1EA1-4708-BE0D-6106287FEC21}"
EndProject
Project("{9A19103F-16F7-4668-BE54-9A1E7A4F7556}") = "Lab_2_new", "Lab_2_new\Lab_2_new.csproj", "{F96B09C7-52FF-434E-A521-A90AE1580066}"
EndProject
Project("{9A19103F-16F7-4668-BE54-9A1E7A4F7556}") = "Lab4", "Lab4\Lab4.csproj", "{DC72D562-DDF7-45C8-85F5-B70CE32922F1}"
EndProject
Project("{9A19103F-16F7-4668-BE54-9A1E7A4F7556}") = "Lab5", "Lab5\Lab5.csproj", "{C360D0DF-476B-4AF3-971E-A30F557803C6}"
EndProject
Project("{9A19103F-16F7-4668-BE54-9A1E7A4F7556}") = "Lab5.Tests", "Lab5.Tests\Lab5.Tests.csproj", "{EB08CD7D-8C56-4343-A81F-5BF57E85B45A}"
EndProject
Project("{9A19103F-16F7-4668-BE54-9A1E7A4F7556}") = "Lab_3", "Lab_3\Lab_3.csproj", "{F026F34B-EEEF-4D5B-B70F-0BD6310CC264}"
EndProject
Project("{9A19103F-16F7-4668-BE54-9A1E7A4F7556}") = "Lab6", "Lab6\Lab6.csproj", "{E1D524CF-13AD-41A7-9370-0F966E4E4B1D}"
EndProject
Project("{FAE04EC0-301F-11D3-BF4B-00C04F79EFBC}") = "Lab6.Tests", "Lab6.Tests\Lab6.Tests.csproj", "{247A0CA1-3179-4B14-9D93-B157DB95165E}"
EndProject
Global
	GlobalSection(SolutionConfigurationPlatforms) = preSolution
		Debug|Any CPU = Debug|Any CPU
		Release|Any CPU = Release|Any CPU
	EndGlobalSection
	GlobalSection(ProjectConfigurationPlatforms) = postSolution
		{9BD20DA9-1EA1-4708-BE0D-6106287FEC21}.Debug|Any CPU.ActiveCfg = Debug|Any CPU
		{9BD20DA9-1EA1-4708-BE0D-6106287FEC21}.Debug|Any CPU.Build.0 = Debug|Any CPU
		{9BD20DA9-1EA1-4708-BE0D-6106287FEC21}.Release|Any CPU.ActiveCfg = Release|Any CPU
		{9BD20DA9-1EA1-4708-BE0D-6106287FEC21}.Release|Any CPU.Build.0 = Release|Any CPU
		{F96B09C7-52FF-434E-A521-A90AE1580066}.Debug|Any CPU.ActiveCfg = Debug|Any CPU
		{F96B09C7-52FF-434E-A521-A90AE1580066}.Debug|Any CPU.Build.0 = Debug|Any CPU
		{F96B09C7-52FF-434E-A521-A90AE1580066}.Release|Any CPU.ActiveCfg = Release|Any CPU
		{F96B09C7-52FF-434E-A521-A90AE1580066}.Release|Any CPU.Build.0 = Release|Any CPU
		{DC72D562-DDF7-45C8-85F5-B70CE32922F1}.Debug|Any CPU.ActiveCfg = Debug|Any CPU
		{DC72D562-DDF7-45C8-85F5-B70CE32922F1}.Debug|Any CPU.Build.0 = Debug|Any CPU
		{DC72D562-DDF7-45C8-85F5-B70CE32922F1}.Release|Any CPU.ActiveCfg = Release|Any CPU
		{DC72D562-DDF7-45C8-85F5-B70CE32922F1}.Release|Any CPU.Build.0 = Release|Any CPU
		{C360D0DF-476B-4AF3-971E-A30F557803C6}.Debug|Any CPU.ActiveCfg = Debug|Any CPU
		{C360D0DF-476B-4AF3-971E-A30F557803C6}.Debug|Any CPU.Build.0 = Debug|Any CPU
		{C360D0DF-476B-4AF3-971E-A30F557803C6}.Release|Any CPU.ActiveCfg = Release|Any CPU
		{C360D0DF-476B-4AF3-971E-A30F557803C6}.Release|Any CPU.Build.0 = Release|Any CPU
		{EB08CD7D-8C56-4343-A81F-5BF57E85B45A}.Debug|Any CPU.ActiveCfg = Debug|Any CPU
		{EB08CD7D-8C56-4343-A81F-5BF57E85B45A}.Debug|Any CPU.Build.0 = Debug|Any CPU
		{EB08CD7D-8C56-4343-A81F-5BF57E85B45A}.Release|Any CPU.ActiveCfg = Release|Any CPU
		{EB08CD7D-8C56-4343-A81F-5BF57E85B45A}.Release|Any CPU.Build.0 = Release|Any CPU
		{F026F34B-EEEF-4D5B-B70F-0BD6310CC264}.Debug|Any CPU.ActiveCfg = Debug|Any CPU
		{F026F34B-EEEF-4D5B-B70F-0BD6310CC264}.Debug|Any CPU.Build.0 = Debug|Any CPU
		{F026F34B-EEEF-4D5B-B70F-0BD6310CC264}.Release|Any CPU.ActiveCfg = Release|Any CPU
		{F026F34B-EEEF-4D5B-B70F-0BD6310CC264}.Release|Any CPU.Build.0 = Release|Any CPU
		{E1D524CF-13AD-41A7-9370-0F966E4E4B1D}.Debug|Any CPU.ActiveCfg = Debug|Any CPU
		{E1D524CF-13AD-41A7-9370-0F966E4E4B1D}.Debug|Any CPU.Build.0 = Debug|Any CPU
		{E1D524CF-13AD-41A7-9370-0F966E4E4B1D}.Release|Any CPU.ActiveCfg = Release|Any CPU
		{E1D524CF-13AD-41A7-9370-0F966E4E4B1D}.Release|Any CPU.Build.0 = Release|Any CPU
		{247A0CA1-3179-4B14-9D93-B157DB95165E}.Debug|Any CPU.ActiveCfg = Debug|Any CPU
		{247A0CA1-3179-4B14-9D93-B157DB95165E}.Debug|Any CPU.Build.0 = Debug|Any CPU
		{247A0CA1-3179-4B14-9D93-B157DB95165E}.Release|Any CPU.ActiveCfg = Release|Any CPU
		{247A0CA1-3179-4B14-9D93-B157DB95165E}.Release|Any CPU.Build.0 = Release|Any CPU
	EndGlobalSection
	GlobalSection(SolutionProperties) = preSolution
		HideSolutionNode = FALSE
	EndGlobalSection
	GlobalSection(ExtensibilityGlobals) = postSolution
		SolutionGuid = {1B6F6FBC-CCAF-43E6-B8F1-6F928D64D751}
	EndGlobalSection
EndGlobal
